
Microsoft Visual Studio Solution File, Format Version 11.00
# Visual Studio 2010
Project("{FAE04EC0-301F-11D3-BF4B-00C04F79EFBC}") = "Seznam.Web", "Seznam\Seznam.Web.csproj", "{FE8D59AC-4AF9-4BC9-825A-AC32CB4DFB52}"
EndProject
Project("{FAE04EC0-301F-11D3-BF4B-00C04F79EFBC}") = "Seznam.Web.Common", "Web.Common\Seznam.Web.Common.csproj", "{C1363C5B-E2CB-4149-8D32-036299D4E43E}"
EndProject
Project("{FAE04EC0-301F-11D3-BF4B-00C04F79EFBC}") = "Seznam.Web.List", "Seznam.Web.List\Seznam.Web.List.csproj", "{9DD2A8AC-CA34-466B-9B5A-2EE4C065D862}"
EndProject
Project("{FAE04EC0-301F-11D3-BF4B-00C04F79EFBC}") = "Seznam.Web.Account", "Seznam.Web.Account\Seznam.Web.Account.csproj", "{A52A5439-C6DB-4E1C-83B8-5C8EA76EDBD0}"
EndProject
Project("{FAE04EC0-301F-11D3-BF4B-00C04F79EFBC}") = "Seznam.List", "Seznam.List\Seznam.List.csproj", "{CCB910CD-7659-44E6-9BBE-B7FDDBAF0085}"
EndProject
Project("{FAE04EC0-301F-11D3-BF4B-00C04F79EFBC}") = "Seznam.User", "Seznam.User\Seznam.User.csproj", "{095F7A82-C712-4CCF-A5A0-BB60B0A74418}"
EndProject
Project("{2150E333-8FDC-42A3-9474-1A3956D46DE8}") = "User", "User", "{1144ACCF-977E-4D32-B42E-08FD29295DEE}"
EndProject
Project("{2150E333-8FDC-42A3-9474-1A3956D46DE8}") = "List", "List", "{7D3A57EE-6371-40F5-9B1C-9C6C47F0B8DA}"
EndProject
Project("{FAE04EC0-301F-11D3-BF4B-00C04F79EFBC}") = "Seznam.User.Tests", "Seznam.User.Tests\Seznam.User.Tests.csproj", "{5B361E17-E945-47EE-AD4C-ED3F40757875}"
EndProject
Project("{FAE04EC0-301F-11D3-BF4B-00C04F79EFBC}") = "Seznam.List.Tests", "Seznam.List.Tests\Seznam.List.Tests.csproj", "{2DCDC32F-CE24-41DA-9097-FF21477F06AA}"
EndProject
Project("{2150E333-8FDC-42A3-9474-1A3956D46DE8}") = "Cloud", "Cloud", "{4FC27070-FE23-4B04-9BD4-DE90E71EB4BE}"
EndProject
Project("{CC5FD16D-436D-48AD-A40C-5A424C6E3E79}") = "Seznam.Cloud", "Seznam.Cloud\Seznam.Cloud\Seznam.Cloud.ccproj", "{588029F7-4CC5-4C82-8D30-09B19B620D2A}"
EndProject
Project("{FAE04EC0-301F-11D3-BF4B-00C04F79EFBC}") = "Seznam.Storage", "Seznam.Storage\Seznam.Storage.csproj", "{4AC758D4-A2DD-4D79-8946-6F5221B4E428}"
EndProject
Project("{FAE04EC0-301F-11D3-BF4B-00C04F79EFBC}") = "Raven", "Raven\Raven.csproj", "{16EE9452-00F6-4835-8761-60094B71FFF2}"
EndProject
Global
	GlobalSection(SolutionConfigurationPlatforms) = preSolution
		Debug|Any CPU = Debug|Any CPU
		Release|Any CPU = Release|Any CPU
	EndGlobalSection
	GlobalSection(ProjectConfigurationPlatforms) = postSolution
		{FE8D59AC-4AF9-4BC9-825A-AC32CB4DFB52}.Debug|Any CPU.ActiveCfg = Debug|Any CPU
		{FE8D59AC-4AF9-4BC9-825A-AC32CB4DFB52}.Debug|Any CPU.Build.0 = Debug|Any CPU
		{FE8D59AC-4AF9-4BC9-825A-AC32CB4DFB52}.Release|Any CPU.ActiveCfg = Release|Any CPU
		{FE8D59AC-4AF9-4BC9-825A-AC32CB4DFB52}.Release|Any CPU.Build.0 = Release|Any CPU
		{C1363C5B-E2CB-4149-8D32-036299D4E43E}.Debug|Any CPU.ActiveCfg = Debug|Any CPU
		{C1363C5B-E2CB-4149-8D32-036299D4E43E}.Debug|Any CPU.Build.0 = Debug|Any CPU
		{C1363C5B-E2CB-4149-8D32-036299D4E43E}.Release|Any CPU.ActiveCfg = Release|Any CPU
		{C1363C5B-E2CB-4149-8D32-036299D4E43E}.Release|Any CPU.Build.0 = Release|Any CPU
		{9DD2A8AC-CA34-466B-9B5A-2EE4C065D862}.Debug|Any CPU.ActiveCfg = Debug|Any CPU
		{9DD2A8AC-CA34-466B-9B5A-2EE4C065D862}.Debug|Any CPU.Build.0 = Debug|Any CPU
		{9DD2A8AC-CA34-466B-9B5A-2EE4C065D862}.Release|Any CPU.ActiveCfg = Release|Any CPU
		{9DD2A8AC-CA34-466B-9B5A-2EE4C065D862}.Release|Any CPU.Build.0 = Release|Any CPU
		{A52A5439-C6DB-4E1C-83B8-5C8EA76EDBD0}.Debug|Any CPU.ActiveCfg = Debug|Any CPU
		{A52A5439-C6DB-4E1C-83B8-5C8EA76EDBD0}.Debug|Any CPU.Build.0 = Debug|Any CPU
		{A52A5439-C6DB-4E1C-83B8-5C8EA76EDBD0}.Release|Any CPU.ActiveCfg = Release|Any CPU
		{A52A5439-C6DB-4E1C-83B8-5C8EA76EDBD0}.Release|Any CPU.Build.0 = Release|Any CPU
		{CCB910CD-7659-44E6-9BBE-B7FDDBAF0085}.Debug|Any CPU.ActiveCfg = Debug|Any CPU
		{CCB910CD-7659-44E6-9BBE-B7FDDBAF0085}.Debug|Any CPU.Build.0 = Debug|Any CPU
		{CCB910CD-7659-44E6-9BBE-B7FDDBAF0085}.Release|Any CPU.ActiveCfg = Release|Any CPU
		{CCB910CD-7659-44E6-9BBE-B7FDDBAF0085}.Release|Any CPU.Build.0 = Release|Any CPU
		{095F7A82-C712-4CCF-A5A0-BB60B0A74418}.Debug|Any CPU.ActiveCfg = Debug|Any CPU
		{095F7A82-C712-4CCF-A5A0-BB60B0A74418}.Debug|Any CPU.Build.0 = Debug|Any CPU
		{095F7A82-C712-4CCF-A5A0-BB60B0A74418}.Release|Any CPU.ActiveCfg = Release|Any CPU
		{095F7A82-C712-4CCF-A5A0-BB60B0A74418}.Release|Any CPU.Build.0 = Release|Any CPU
		{5B361E17-E945-47EE-AD4C-ED3F40757875}.Debug|Any CPU.ActiveCfg = Debug|Any CPU
		{5B361E17-E945-47EE-AD4C-ED3F40757875}.Debug|Any CPU.Build.0 = Debug|Any CPU
		{5B361E17-E945-47EE-AD4C-ED3F40757875}.Release|Any CPU.ActiveCfg = Release|Any CPU
		{5B361E17-E945-47EE-AD4C-ED3F40757875}.Release|Any CPU.Build.0 = Release|Any CPU
		{2DCDC32F-CE24-41DA-9097-FF21477F06AA}.Debug|Any CPU.ActiveCfg = Debug|Any CPU
		{2DCDC32F-CE24-41DA-9097-FF21477F06AA}.Debug|Any CPU.Build.0 = Debug|Any CPU
		{2DCDC32F-CE24-41DA-9097-FF21477F06AA}.Release|Any CPU.ActiveCfg = Release|Any CPU
		{2DCDC32F-CE24-41DA-9097-FF21477F06AA}.Release|Any CPU.Build.0 = Release|Any CPU
		{588029F7-4CC5-4C82-8D30-09B19B620D2A}.Debug|Any CPU.ActiveCfg = Debug|Any CPU
		{588029F7-4CC5-4C82-8D30-09B19B620D2A}.Debug|Any CPU.Build.0 = Debug|Any CPU
		{588029F7-4CC5-4C82-8D30-09B19B620D2A}.Release|Any CPU.ActiveCfg = Release|Any CPU
		{588029F7-4CC5-4C82-8D30-09B19B620D2A}.Release|Any CPU.Build.0 = Release|Any CPU
		{4AC758D4-A2DD-4D79-8946-6F5221B4E428}.Debug|Any CPU.ActiveCfg = Debug|Any CPU
		{4AC758D4-A2DD-4D79-8946-6F5221B4E428}.Debug|Any CPU.Build.0 = Debug|Any CPU
		{4AC758D4-A2DD-4D79-8946-6F5221B4E428}.Release|Any CPU.ActiveCfg = Release|Any CPU
		{4AC758D4-A2DD-4D79-8946-6F5221B4E428}.Release|Any CPU.Build.0 = Release|Any CPU
		{16EE9452-00F6-4835-8761-60094B71FFF2}.Debug|Any CPU.ActiveCfg = Debug|Any CPU
		{16EE9452-00F6-4835-8761-60094B71FFF2}.Debug|Any CPU.Build.0 = Debug|Any CPU
		{16EE9452-00F6-4835-8761-60094B71FFF2}.Release|Any CPU.ActiveCfg = Release|Any CPU
		{16EE9452-00F6-4835-8761-60094B71FFF2}.Release|Any CPU.Build.0 = Release|Any CPU
	EndGlobalSection
	GlobalSection(SolutionProperties) = preSolution
		HideSolutionNode = FALSE
	EndGlobalSection
	GlobalSection(NestedProjects) = preSolution
		{CCB910CD-7659-44E6-9BBE-B7FDDBAF0085} = {7D3A57EE-6371-40F5-9B1C-9C6C47F0B8DA}
		{9DD2A8AC-CA34-466B-9B5A-2EE4C065D862} = {7D3A57EE-6371-40F5-9B1C-9C6C47F0B8DA}
		{2DCDC32F-CE24-41DA-9097-FF21477F06AA} = {7D3A57EE-6371-40F5-9B1C-9C6C47F0B8DA}
		{095F7A82-C712-4CCF-A5A0-BB60B0A74418} = {1144ACCF-977E-4D32-B42E-08FD29295DEE}
		{A52A5439-C6DB-4E1C-83B8-5C8EA76EDBD0} = {1144ACCF-977E-4D32-B42E-08FD29295DEE}
		{5B361E17-E945-47EE-AD4C-ED3F40757875} = {1144ACCF-977E-4D32-B42E-08FD29295DEE}
		{588029F7-4CC5-4C82-8D30-09B19B620D2A} = {4FC27070-FE23-4B04-9BD4-DE90E71EB4BE}
		{4AC758D4-A2DD-4D79-8946-6F5221B4E428} = {4FC27070-FE23-4B04-9BD4-DE90E71EB4BE}
	EndGlobalSection
EndGlobal
