
Microsoft Visual Studio Solution File, Format Version 11.00
# Visual Studio 2010
Project("{FAE04EC0-301F-11D3-BF4B-00C04F79EFBC}") = "SocketTest", "SocketTest\SocketTest.csproj", "{7F0083A4-3C6D-40A4-8DCD-F2E8B040D229}"
EndProject
Project("{FAE04EC0-301F-11D3-BF4B-00C04F79EFBC}") = "Seznam.Web", "Seznam\Seznam.Web.csproj", "{FE8D59AC-4AF9-4BC9-825A-AC32CB4DFB52}"
EndProject
Project("{FAE04EC0-301F-11D3-BF4B-00C04F79EFBC}") = "Socket.IO", "Socket.IO\Socket.IO.csproj", "{FF274B2E-9B51-48C9-ABDB-D76E765D4917}"
EndProject
Project("{FAE04EC0-301F-11D3-BF4B-00C04F79EFBC}") = "Data", "Data\Data.csproj", "{9EAF563E-6DF7-4F03-AAC2-BB188A713423}"
EndProject
Project("{FAE04EC0-301F-11D3-BF4B-00C04F79EFBC}") = "Data.Tests", "Data.Tests\Data.Tests.csproj", "{FB3D4CE9-82C8-4E80-8A54-475CD0882FB0}"
EndProject
Project("{FAE04EC0-301F-11D3-BF4B-00C04F79EFBC}") = "Socket", "Socket\Socket.csproj", "{C8A4644B-CB65-40CD-9AD7-A6305D82E40A}"
EndProject
Project("{FAE04EC0-301F-11D3-BF4B-00C04F79EFBC}") = "Seznam.Web.Common", "Web.Common\Seznam.Web.Common.csproj", "{C1363C5B-E2CB-4149-8D32-036299D4E43E}"
EndProject
Project("{FAE04EC0-301F-11D3-BF4B-00C04F79EFBC}") = "Seznam.Web.List", "Seznam.Web.List\Seznam.Web.List.csproj", "{9DD2A8AC-CA34-466B-9B5A-2EE4C065D862}"
EndProject
Project("{FAE04EC0-301F-11D3-BF4B-00C04F79EFBC}") = "Seznam.Web.Account", "Seznam.Web.Account\Seznam.Web.Account.csproj", "{A52A5439-C6DB-4E1C-83B8-5C8EA76EDBD0}"
EndProject
Global
	GlobalSection(SolutionConfigurationPlatforms) = preSolution
		Debug|Any CPU = Debug|Any CPU
		Release|Any CPU = Release|Any CPU
	EndGlobalSection
	GlobalSection(ProjectConfigurationPlatforms) = postSolution
		{7F0083A4-3C6D-40A4-8DCD-F2E8B040D229}.Debug|Any CPU.ActiveCfg = Debug|Any CPU
		{7F0083A4-3C6D-40A4-8DCD-F2E8B040D229}.Debug|Any CPU.Build.0 = Debug|Any CPU
		{7F0083A4-3C6D-40A4-8DCD-F2E8B040D229}.Release|Any CPU.ActiveCfg = Release|Any CPU
		{7F0083A4-3C6D-40A4-8DCD-F2E8B040D229}.Release|Any CPU.Build.0 = Release|Any CPU
		{FE8D59AC-4AF9-4BC9-825A-AC32CB4DFB52}.Debug|Any CPU.ActiveCfg = Debug|Any CPU
		{FE8D59AC-4AF9-4BC9-825A-AC32CB4DFB52}.Debug|Any CPU.Build.0 = Debug|Any CPU
		{FE8D59AC-4AF9-4BC9-825A-AC32CB4DFB52}.Release|Any CPU.ActiveCfg = Release|Any CPU
		{FE8D59AC-4AF9-4BC9-825A-AC32CB4DFB52}.Release|Any CPU.Build.0 = Release|Any CPU
		{FF274B2E-9B51-48C9-ABDB-D76E765D4917}.Debug|Any CPU.ActiveCfg = Debug|Any CPU
		{FF274B2E-9B51-48C9-ABDB-D76E765D4917}.Debug|Any CPU.Build.0 = Debug|Any CPU
		{FF274B2E-9B51-48C9-ABDB-D76E765D4917}.Release|Any CPU.ActiveCfg = Release|Any CPU
		{FF274B2E-9B51-48C9-ABDB-D76E765D4917}.Release|Any CPU.Build.0 = Release|Any CPU
		{9EAF563E-6DF7-4F03-AAC2-BB188A713423}.Debug|Any CPU.ActiveCfg = Debug|Any CPU
		{9EAF563E-6DF7-4F03-AAC2-BB188A713423}.Debug|Any CPU.Build.0 = Debug|Any CPU
		{9EAF563E-6DF7-4F03-AAC2-BB188A713423}.Release|Any CPU.ActiveCfg = Release|Any CPU
		{9EAF563E-6DF7-4F03-AAC2-BB188A713423}.Release|Any CPU.Build.0 = Release|Any CPU
		{FB3D4CE9-82C8-4E80-8A54-475CD0882FB0}.Debug|Any CPU.ActiveCfg = Debug|Any CPU
		{FB3D4CE9-82C8-4E80-8A54-475CD0882FB0}.Debug|Any CPU.Build.0 = Debug|Any CPU
		{FB3D4CE9-82C8-4E80-8A54-475CD0882FB0}.Release|Any CPU.ActiveCfg = Release|Any CPU
		{FB3D4CE9-82C8-4E80-8A54-475CD0882FB0}.Release|Any CPU.Build.0 = Release|Any CPU
		{C8A4644B-CB65-40CD-9AD7-A6305D82E40A}.Debug|Any CPU.ActiveCfg = Debug|Any CPU
		{C8A4644B-CB65-40CD-9AD7-A6305D82E40A}.Debug|Any CPU.Build.0 = Debug|Any CPU
		{C8A4644B-CB65-40CD-9AD7-A6305D82E40A}.Release|Any CPU.ActiveCfg = Release|Any CPU
		{C8A4644B-CB65-40CD-9AD7-A6305D82E40A}.Release|Any CPU.Build.0 = Release|Any CPU
		{C1363C5B-E2CB-4149-8D32-036299D4E43E}.Debug|Any CPU.ActiveCfg = Debug|Any CPU
		{C1363C5B-E2CB-4149-8D32-036299D4E43E}.Debug|Any CPU.Build.0 = Debug|Any CPU
		{C1363C5B-E2CB-4149-8D32-036299D4E43E}.Release|Any CPU.ActiveCfg = Release|Any CPU
		{C1363C5B-E2CB-4149-8D32-036299D4E43E}.Release|Any CPU.Build.0 = Release|Any CPU
		{9DD2A8AC-CA34-466B-9B5A-2EE4C065D862}.Debug|Any CPU.ActiveCfg = Debug|Any CPU
		{9DD2A8AC-CA34-466B-9B5A-2EE4C065D862}.Debug|Any CPU.Build.0 = Debug|Any CPU
		{9DD2A8AC-CA34-466B-9B5A-2EE4C065D862}.Release|Any CPU.ActiveCfg = Release|Any CPU
		{9DD2A8AC-CA34-466B-9B5A-2EE4C065D862}.Release|Any CPU.Build.0 = Release|Any CPU
		{A52A5439-C6DB-4E1C-83B8-5C8EA76EDBD0}.Debug|Any CPU.ActiveCfg = Debug|Any CPU
		{A52A5439-C6DB-4E1C-83B8-5C8EA76EDBD0}.Debug|Any CPU.Build.0 = Debug|Any CPU
		{A52A5439-C6DB-4E1C-83B8-5C8EA76EDBD0}.Release|Any CPU.ActiveCfg = Release|Any CPU
		{A52A5439-C6DB-4E1C-83B8-5C8EA76EDBD0}.Release|Any CPU.Build.0 = Release|Any CPU
	EndGlobalSection
	GlobalSection(SolutionProperties) = preSolution
		HideSolutionNode = FALSE
	EndGlobalSection
EndGlobal
